
Microsoft Visual Studio Solution File, Format Version 12.00
# Visual Studio Version 17
VisualStudioVersion = 17.2.32505.173
MinimumVisualStudioVersion = 10.0.40219.1
Project("{FAE04EC0-301F-11D3-BF4B-00C04F79EFBC}") = "TA_Task_5", "TA_Task_5\TA_Task_5.csproj", "{8FA7E724-A51F-4062-BF2F-CD788C4A35F6}"
EndProject
Global
	GlobalSection(SolutionConfigurationPlatforms) = preSolution
		Debug|Any CPU = Debug|Any CPU
		Release|Any CPU = Release|Any CPU
	EndGlobalSection
	GlobalSection(ProjectConfigurationPlatforms) = postSolution
		{8FA7E724-A51F-4062-BF2F-CD788C4A35F6}.Debug|Any CPU.ActiveCfg = Debug|Any CPU
		{8FA7E724-A51F-4062-BF2F-CD788C4A35F6}.Debug|Any CPU.Build.0 = Debug|Any CPU
		{8FA7E724-A51F-4062-BF2F-CD788C4A35F6}.Release|Any CPU.ActiveCfg = Release|Any CPU
		{8FA7E724-A51F-4062-BF2F-CD788C4A35F6}.Release|Any CPU.Build.0 = Release|Any CPU
	EndGlobalSection
	GlobalSection(SolutionProperties) = preSolution
		HideSolutionNode = FALSE
	EndGlobalSection
	GlobalSection(ExtensibilityGlobals) = postSolution
		SolutionGuid = {B283F3B3-8657-42F5-9128-0F670C0188DA}
	EndGlobalSection
EndGlobal
